// !$*UTF8*$!
{
	archiveVersion = 1;
	classes = {
	};
	objectVersion = 55;
	objects = {

/* Begin PBXBuildFile section */
		A054B5792927C47B0020F534 /* AppDelegate.swift in Sources */ = {isa = PBXBuildFile; fileRef = A054B5782927C47B0020F534 /* AppDelegate.swift */; };
		A054B57B2927C47B0020F534 /* SceneDelegate.swift in Sources */ = {isa = PBXBuildFile; fileRef = A054B57A2927C47B0020F534 /* SceneDelegate.swift */; };
		A054B57D2927C47B0020F534 /* ConverterViewController.swift in Sources */ = {isa = PBXBuildFile; fileRef = A054B57C2927C47B0020F534 /* ConverterViewController.swift */; };
		A054B5802927C47B0020F534 /* Main.storyboard in Resources */ = {isa = PBXBuildFile; fileRef = A054B57E2927C47B0020F534 /* Main.storyboard */; };
		A054B5822927C47C0020F534 /* Assets.xcassets in Resources */ = {isa = PBXBuildFile; fileRef = A054B5812927C47C0020F534 /* Assets.xcassets */; };
		A054B5852927C47C0020F534 /* LaunchScreen.storyboard in Resources */ = {isa = PBXBuildFile; fileRef = A054B5832927C47C0020F534 /* LaunchScreen.storyboard */; };
		A054B58E2927C5040020F534 /* ServicesManager.swift in Sources */ = {isa = PBXBuildFile; fileRef = A054B58D2927C5040020F534 /* ServicesManager.swift */; };
		A054B5912927C7020020F534 /* CurrencyDataStore.swift in Sources */ = {isa = PBXBuildFile; fileRef = A054B5902927C7020020F534 /* CurrencyDataStore.swift */; };
		A054B5942927D14D0020F534 /* APIEndpoints.swift in Sources */ = {isa = PBXBuildFile; fileRef = A054B5932927D14D0020F534 /* APIEndpoints.swift */; };
		A054B5962927D3E50020F534 /* FXConvertAPIResponse.swift in Sources */ = {isa = PBXBuildFile; fileRef = A054B5952927D3E50020F534 /* FXConvertAPIResponse.swift */; };
		A054B5982927D57A0020F534 /* FXTimeSeriesAPIResponse.swift in Sources */ = {isa = PBXBuildFile; fileRef = A054B5972927D57A0020F534 /* FXTimeSeriesAPIResponse.swift */; };
		A054B59A2927FA800020F534 /* FXSymbolsAPIResponse.swift in Sources */ = {isa = PBXBuildFile; fileRef = A054B5992927FA800020F534 /* FXSymbolsAPIResponse.swift */; };
		A054B59C2927FCCE0020F534 /* FXLatestAPIResponse.swift in Sources */ = {isa = PBXBuildFile; fileRef = A054B59B2927FCCE0020F534 /* FXLatestAPIResponse.swift */; };
		A054B5A12928080C0020F534 /* EncodableExtension.swift in Sources */ = {isa = PBXBuildFile; fileRef = A054B5A02928080C0020F534 /* EncodableExtension.swift */; };
		A054B5A4292808AD0020F534 /* FXConvertAPIRequest.swift in Sources */ = {isa = PBXBuildFile; fileRef = A054B5A3292808AD0020F534 /* FXConvertAPIRequest.swift */; };
		A054B5A6292809250020F534 /* FXLatestAPIRequest.swift in Sources */ = {isa = PBXBuildFile; fileRef = A054B5A5292809250020F534 /* FXLatestAPIRequest.swift */; };
		A054B5A829280AFC0020F534 /* FXTimeSeriesAPIRequest.swift in Sources */ = {isa = PBXBuildFile; fileRef = A054B5A729280AFC0020F534 /* FXTimeSeriesAPIRequest.swift */; };
		A054B5AC29281AC10020F534 /* IQKeyboardManagerSwift in Frameworks */ = {isa = PBXBuildFile; productRef = A054B5AB29281AC10020F534 /* IQKeyboardManagerSwift */; };
		A054B5AF29281B120020F534 /* AppCoordinator.swift in Sources */ = {isa = PBXBuildFile; fileRef = A054B5AE29281B120020F534 /* AppCoordinator.swift */; };
		A054B5B32928FB540020F534 /* ConvertViewModel.swift in Sources */ = {isa = PBXBuildFile; fileRef = A054B5B22928FB540020F534 /* ConvertViewModel.swift */; };
		A054B5B6292914740020F534 /* DropDown in Frameworks */ = {isa = PBXBuildFile; productRef = A054B5B5292914740020F534 /* DropDown */; };
		A054B5B829291E590020F534 /* Constants.swift in Sources */ = {isa = PBXBuildFile; fileRef = A054B5B729291E590020F534 /* Constants.swift */; };
		A054B5BE292922440020F534 /* UserDefaultPropertyWrapper.swift in Sources */ = {isa = PBXBuildFile; fileRef = A054B5BD292922440020F534 /* UserDefaultPropertyWrapper.swift */; };
		A054B5C32929549C0020F534 /* HistoricRateCollectionViewCell.swift in Sources */ = {isa = PBXBuildFile; fileRef = A054B5C12929549C0020F534 /* HistoricRateCollectionViewCell.swift */; };
		A054B5C42929549C0020F534 /* HistoricRateCollectionViewCell.xib in Resources */ = {isa = PBXBuildFile; fileRef = A054B5C22929549C0020F534 /* HistoricRateCollectionViewCell.xib */; };
		A054B5C6292961190020F534 /* HistoricViewController.swift in Sources */ = {isa = PBXBuildFile; fileRef = A054B5C5292961190020F534 /* HistoricViewController.swift */; };
		A054B5C8292962480020F534 /* HistoricViewModel.swift in Sources */ = {isa = PBXBuildFile; fileRef = A054B5C7292962480020F534 /* HistoricViewModel.swift */; };
		A054B5CA2929646E0020F534 /* DateExtension.swift in Sources */ = {isa = PBXBuildFile; fileRef = A054B5C92929646E0020F534 /* DateExtension.swift */; };
		A054B5CC2929692A0020F534 /* FetchStatus.swift in Sources */ = {isa = PBXBuildFile; fileRef = A054B5CB2929692A0020F534 /* FetchStatus.swift */; };
/* End PBXBuildFile section */

/* Begin PBXFileReference section */
		A054B5752927C47B0020F534 /* Currency.app */ = {isa = PBXFileReference; explicitFileType = wrapper.application; includeInIndex = 0; path = Currency.app; sourceTree = BUILT_PRODUCTS_DIR; };
		A054B5782927C47B0020F534 /* AppDelegate.swift */ = {isa = PBXFileReference; lastKnownFileType = sourcecode.swift; path = AppDelegate.swift; sourceTree = "<group>"; };
		A054B57A2927C47B0020F534 /* SceneDelegate.swift */ = {isa = PBXFileReference; lastKnownFileType = sourcecode.swift; path = SceneDelegate.swift; sourceTree = "<group>"; };
		A054B57C2927C47B0020F534 /* ConverterViewController.swift */ = {isa = PBXFileReference; lastKnownFileType = sourcecode.swift; path = ConverterViewController.swift; sourceTree = "<group>"; };
		A054B57F2927C47B0020F534 /* Base */ = {isa = PBXFileReference; lastKnownFileType = file.storyboard; name = Base; path = Base.lproj/Main.storyboard; sourceTree = "<group>"; };
		A054B5812927C47C0020F534 /* Assets.xcassets */ = {isa = PBXFileReference; lastKnownFileType = folder.assetcatalog; path = Assets.xcassets; sourceTree = "<group>"; };
		A054B5842927C47C0020F534 /* Base */ = {isa = PBXFileReference; lastKnownFileType = file.storyboard; name = Base; path = Base.lproj/LaunchScreen.storyboard; sourceTree = "<group>"; };
		A054B5862927C47C0020F534 /* Info.plist */ = {isa = PBXFileReference; lastKnownFileType = text.plist.xml; path = Info.plist; sourceTree = "<group>"; };
		A054B58D2927C5040020F534 /* ServicesManager.swift */ = {isa = PBXFileReference; lastKnownFileType = sourcecode.swift; path = ServicesManager.swift; sourceTree = "<group>"; };
		A054B5902927C7020020F534 /* CurrencyDataStore.swift */ = {isa = PBXFileReference; lastKnownFileType = sourcecode.swift; path = CurrencyDataStore.swift; sourceTree = "<group>"; };
		A054B5932927D14D0020F534 /* APIEndpoints.swift */ = {isa = PBXFileReference; lastKnownFileType = sourcecode.swift; path = APIEndpoints.swift; sourceTree = "<group>"; };
		A054B5952927D3E50020F534 /* FXConvertAPIResponse.swift */ = {isa = PBXFileReference; lastKnownFileType = sourcecode.swift; path = FXConvertAPIResponse.swift; sourceTree = "<group>"; };
		A054B5972927D57A0020F534 /* FXTimeSeriesAPIResponse.swift */ = {isa = PBXFileReference; lastKnownFileType = sourcecode.swift; path = FXTimeSeriesAPIResponse.swift; sourceTree = "<group>"; };
		A054B5992927FA800020F534 /* FXSymbolsAPIResponse.swift */ = {isa = PBXFileReference; lastKnownFileType = sourcecode.swift; path = FXSymbolsAPIResponse.swift; sourceTree = "<group>"; };
		A054B59B2927FCCE0020F534 /* FXLatestAPIResponse.swift */ = {isa = PBXFileReference; lastKnownFileType = sourcecode.swift; path = FXLatestAPIResponse.swift; sourceTree = "<group>"; };
		A054B5A02928080C0020F534 /* EncodableExtension.swift */ = {isa = PBXFileReference; lastKnownFileType = sourcecode.swift; path = EncodableExtension.swift; sourceTree = "<group>"; };
		A054B5A3292808AD0020F534 /* FXConvertAPIRequest.swift */ = {isa = PBXFileReference; lastKnownFileType = sourcecode.swift; path = FXConvertAPIRequest.swift; sourceTree = "<group>"; };
		A054B5A5292809250020F534 /* FXLatestAPIRequest.swift */ = {isa = PBXFileReference; lastKnownFileType = sourcecode.swift; path = FXLatestAPIRequest.swift; sourceTree = "<group>"; };
		A054B5A729280AFC0020F534 /* FXTimeSeriesAPIRequest.swift */ = {isa = PBXFileReference; lastKnownFileType = sourcecode.swift; path = FXTimeSeriesAPIRequest.swift; sourceTree = "<group>"; };
		A054B5AE29281B120020F534 /* AppCoordinator.swift */ = {isa = PBXFileReference; lastKnownFileType = sourcecode.swift; path = AppCoordinator.swift; sourceTree = "<group>"; };
		A054B5B22928FB540020F534 /* ConvertViewModel.swift */ = {isa = PBXFileReference; lastKnownFileType = sourcecode.swift; path = ConvertViewModel.swift; sourceTree = "<group>"; };
		A054B5B729291E590020F534 /* Constants.swift */ = {isa = PBXFileReference; lastKnownFileType = sourcecode.swift; path = Constants.swift; sourceTree = "<group>"; };
		A054B5BD292922440020F534 /* UserDefaultPropertyWrapper.swift */ = {isa = PBXFileReference; lastKnownFileType = sourcecode.swift; path = UserDefaultPropertyWrapper.swift; sourceTree = "<group>"; };
		A054B5C12929549C0020F534 /* HistoricRateCollectionViewCell.swift */ = {isa = PBXFileReference; lastKnownFileType = sourcecode.swift; path = HistoricRateCollectionViewCell.swift; sourceTree = "<group>"; };
		A054B5C22929549C0020F534 /* HistoricRateCollectionViewCell.xib */ = {isa = PBXFileReference; lastKnownFileType = file.xib; path = HistoricRateCollectionViewCell.xib; sourceTree = "<group>"; };
		A054B5C5292961190020F534 /* HistoricViewController.swift */ = {isa = PBXFileReference; lastKnownFileType = sourcecode.swift; path = HistoricViewController.swift; sourceTree = "<group>"; };
		A054B5C7292962480020F534 /* HistoricViewModel.swift */ = {isa = PBXFileReference; lastKnownFileType = sourcecode.swift; path = HistoricViewModel.swift; sourceTree = "<group>"; };
		A054B5C92929646E0020F534 /* DateExtension.swift */ = {isa = PBXFileReference; lastKnownFileType = sourcecode.swift; path = DateExtension.swift; sourceTree = "<group>"; };
		A054B5CB2929692A0020F534 /* FetchStatus.swift */ = {isa = PBXFileReference; lastKnownFileType = sourcecode.swift; path = FetchStatus.swift; sourceTree = "<group>"; };
/* End PBXFileReference section */

/* Begin PBXFrameworksBuildPhase section */
		A054B5722927C47B0020F534 /* Frameworks */ = {
			isa = PBXFrameworksBuildPhase;
			buildActionMask = 2147483647;
			files = (
				A054B5AC29281AC10020F534 /* IQKeyboardManagerSwift in Frameworks */,
				A054B5B6292914740020F534 /* DropDown in Frameworks */,
			);
			runOnlyForDeploymentPostprocessing = 0;
		};
/* End PBXFrameworksBuildPhase section */

/* Begin PBXGroup section */
		A054B56C2927C47B0020F534 = {
			isa = PBXGroup;
			children = (
				A054B5772927C47B0020F534 /* Currency */,
				A054B5762927C47B0020F534 /* Products */,
			);
			sourceTree = "<group>";
		};
		A054B5762927C47B0020F534 /* Products */ = {
			isa = PBXGroup;
			children = (
				A054B5752927C47B0020F534 /* Currency.app */,
			);
			name = Products;
			sourceTree = "<group>";
		};
		A054B5772927C47B0020F534 /* Currency */ = {
			isa = PBXGroup;
			children = (
				A054B5BC292922330020F534 /* Utils */,
				A054B5B02928FB3D0020F534 /* ViewControllers */,
				A054B5AD29281B000020F534 /* Coordinators */,
				A054B5922927CACA0020F534 /* Models */,
				A054B58F2927C6F50020F534 /* DataStores */,
				A054B58C2927C4F60020F534 /* DataHandlers */,
				A054B5782927C47B0020F534 /* AppDelegate.swift */,
				A054B57A2927C47B0020F534 /* SceneDelegate.swift */,
				A054B5B729291E590020F534 /* Constants.swift */,
				A054B57E2927C47B0020F534 /* Main.storyboard */,
				A054B5812927C47C0020F534 /* Assets.xcassets */,
				A054B5832927C47C0020F534 /* LaunchScreen.storyboard */,
				A054B5862927C47C0020F534 /* Info.plist */,
			);
			path = Currency;
			sourceTree = "<group>";
		};
		A054B58C2927C4F60020F534 /* DataHandlers */ = {
			isa = PBXGroup;
			children = (
				A054B5A929280C2A0020F534 /* Network */,
			);
			path = DataHandlers;
			sourceTree = "<group>";
		};
		A054B58F2927C6F50020F534 /* DataStores */ = {
			isa = PBXGroup;
			children = (
				A054B5902927C7020020F534 /* CurrencyDataStore.swift */,
			);
			path = DataStores;
			sourceTree = "<group>";
		};
		A054B5922927CACA0020F534 /* Models */ = {
			isa = PBXGroup;
			children = (
				A054B5A22928089A0020F534 /* APIRequest */,
				A054B59E292806CE0020F534 /* APIResponse */,
				A054B5CB2929692A0020F534 /* FetchStatus.swift */,
			);
			path = Models;
			sourceTree = "<group>";
		};
		A054B59D292806BE0020F534 /* Extensions */ = {
			isa = PBXGroup;
			children = (
				A054B5A02928080C0020F534 /* EncodableExtension.swift */,
				A054B5C92929646E0020F534 /* DateExtension.swift */,
			);
			path = Extensions;
			sourceTree = "<group>";
		};
		A054B59E292806CE0020F534 /* APIResponse */ = {
			isa = PBXGroup;
			children = (
				A054B5952927D3E50020F534 /* FXConvertAPIResponse.swift */,
				A054B5972927D57A0020F534 /* FXTimeSeriesAPIResponse.swift */,
				A054B5992927FA800020F534 /* FXSymbolsAPIResponse.swift */,
				A054B59B2927FCCE0020F534 /* FXLatestAPIResponse.swift */,
			);
			path = APIResponse;
			sourceTree = "<group>";
		};
		A054B5A22928089A0020F534 /* APIRequest */ = {
			isa = PBXGroup;
			children = (
				A054B5A3292808AD0020F534 /* FXConvertAPIRequest.swift */,
				A054B5A5292809250020F534 /* FXLatestAPIRequest.swift */,
				A054B5A729280AFC0020F534 /* FXTimeSeriesAPIRequest.swift */,
			);
			path = APIRequest;
			sourceTree = "<group>";
		};
		A054B5A929280C2A0020F534 /* Network */ = {
			isa = PBXGroup;
			children = (
				A054B5932927D14D0020F534 /* APIEndpoints.swift */,
				A054B58D2927C5040020F534 /* ServicesManager.swift */,
			);
			path = Network;
			sourceTree = "<group>";
		};
		A054B5AD29281B000020F534 /* Coordinators */ = {
			isa = PBXGroup;
			children = (
				A054B5AE29281B120020F534 /* AppCoordinator.swift */,
			);
			path = Coordinators;
			sourceTree = "<group>";
		};
		A054B5B02928FB3D0020F534 /* ViewControllers */ = {
			isa = PBXGroup;
			children = (
				A054B5BF2929546A0020F534 /* Detail */,
				A054B5B12928FB420020F534 /* Converter */,
			);
			path = ViewControllers;
			sourceTree = "<group>";
		};
		A054B5B12928FB420020F534 /* Converter */ = {
			isa = PBXGroup;
			children = (
				A054B57C2927C47B0020F534 /* ConverterViewController.swift */,
				A054B5B22928FB540020F534 /* ConvertViewModel.swift */,
			);
			path = Converter;
			sourceTree = "<group>";
		};
		A054B5BC292922330020F534 /* Utils */ = {
			isa = PBXGroup;
			children = (
				A054B59D292806BE0020F534 /* Extensions */,
				A054B5BD292922440020F534 /* UserDefaultPropertyWrapper.swift */,
			);
			path = Utils;
			sourceTree = "<group>";
		};
		A054B5BF2929546A0020F534 /* Detail */ = {
			isa = PBXGroup;
			children = (
				A054B5C02929547C0020F534 /* CustomViews */,
				A054B5C5292961190020F534 /* HistoricViewController.swift */,
				A054B5C7292962480020F534 /* HistoricViewModel.swift */,
			);
			path = Detail;
			sourceTree = "<group>";
		};
		A054B5C02929547C0020F534 /* CustomViews */ = {
			isa = PBXGroup;
			children = (
				A054B5C12929549C0020F534 /* HistoricRateCollectionViewCell.swift */,
				A054B5C22929549C0020F534 /* HistoricRateCollectionViewCell.xib */,
			);
			path = CustomViews;
			sourceTree = "<group>";
		};
/* End PBXGroup section */

/* Begin PBXNativeTarget section */
		A054B5742927C47B0020F534 /* Currency */ = {
			isa = PBXNativeTarget;
			buildConfigurationList = A054B5892927C47C0020F534 /* Build configuration list for PBXNativeTarget "Currency" */;
			buildPhases = (
				A054B5712927C47B0020F534 /* Sources */,
				A054B5722927C47B0020F534 /* Frameworks */,
				A054B5732927C47B0020F534 /* Resources */,
			);
			buildRules = (
			);
			dependencies = (
			);
			name = Currency;
			packageProductDependencies = (
				A054B5AB29281AC10020F534 /* IQKeyboardManagerSwift */,
				A054B5B5292914740020F534 /* DropDown */,
			);
			productName = Currency;
			productReference = A054B5752927C47B0020F534 /* Currency.app */;
			productType = "com.apple.product-type.application";
		};
/* End PBXNativeTarget section */

/* Begin PBXProject section */
		A054B56D2927C47B0020F534 /* Project object */ = {
			isa = PBXProject;
			attributes = {
				BuildIndependentTargetsInParallel = 1;
				LastSwiftUpdateCheck = 1310;
				LastUpgradeCheck = 1310;
				TargetAttributes = {
					A054B5742927C47B0020F534 = {
						CreatedOnToolsVersion = 13.1;
					};
				};
			};
			buildConfigurationList = A054B5702927C47B0020F534 /* Build configuration list for PBXProject "Currency" */;
			compatibilityVersion = "Xcode 13.0";
			developmentRegion = en;
			hasScannedForEncodings = 0;
			knownRegions = (
				en,
				Base,
			);
			mainGroup = A054B56C2927C47B0020F534;
			packageReferences = (
				A054B5AA29281AC10020F534 /* XCRemoteSwiftPackageReference "IQKeyboardManager" */,
				A054B5B4292914740020F534 /* XCRemoteSwiftPackageReference "DropDown" */,
			);
			productRefGroup = A054B5762927C47B0020F534 /* Products */;
			projectDirPath = "";
			projectRoot = "";
			targets = (
				A054B5742927C47B0020F534 /* Currency */,
			);
		};
/* End PBXProject section */

/* Begin PBXResourcesBuildPhase section */
		A054B5732927C47B0020F534 /* Resources */ = {
			isa = PBXResourcesBuildPhase;
			buildActionMask = 2147483647;
			files = (
				A054B5852927C47C0020F534 /* LaunchScreen.storyboard in Resources */,
				A054B5822927C47C0020F534 /* Assets.xcassets in Resources */,
				A054B5802927C47B0020F534 /* Main.storyboard in Resources */,
				A054B5C42929549C0020F534 /* HistoricRateCollectionViewCell.xib in Resources */,
			);
			runOnlyForDeploymentPostprocessing = 0;
		};
/* End PBXResourcesBuildPhase section */

/* Begin PBXSourcesBuildPhase section */
		A054B5712927C47B0020F534 /* Sources */ = {
			isa = PBXSourcesBuildPhase;
			buildActionMask = 2147483647;
			files = (
				A054B5CC2929692A0020F534 /* FetchStatus.swift in Sources */,
				A054B5A829280AFC0020F534 /* FXTimeSeriesAPIRequest.swift in Sources */,
				A054B5C8292962480020F534 /* HistoricViewModel.swift in Sources */,
				A054B5B829291E590020F534 /* Constants.swift in Sources */,
				A054B5962927D3E50020F534 /* FXConvertAPIResponse.swift in Sources */,
				A054B5982927D57A0020F534 /* FXTimeSeriesAPIResponse.swift in Sources */,
				A054B5BE292922440020F534 /* UserDefaultPropertyWrapper.swift in Sources */,
				A054B59A2927FA800020F534 /* FXSymbolsAPIResponse.swift in Sources */,
				A054B5A6292809250020F534 /* FXLatestAPIRequest.swift in Sources */,
				A054B5C6292961190020F534 /* HistoricViewController.swift in Sources */,
				A054B57D2927C47B0020F534 /* ConverterViewController.swift in Sources */,
				A054B5C32929549C0020F534 /* HistoricRateCollectionViewCell.swift in Sources */,
				A054B59C2927FCCE0020F534 /* FXLatestAPIResponse.swift in Sources */,
				A054B5912927C7020020F534 /* CurrencyDataStore.swift in Sources */,
				A054B5A4292808AD0020F534 /* FXConvertAPIRequest.swift in Sources */,
				A054B5792927C47B0020F534 /* AppDelegate.swift in Sources */,
				A054B5942927D14D0020F534 /* APIEndpoints.swift in Sources */,
				A054B57B2927C47B0020F534 /* SceneDelegate.swift in Sources */,
				A054B5CA2929646E0020F534 /* DateExtension.swift in Sources */,
				A054B5AF29281B120020F534 /* AppCoordinator.swift in Sources */,
				A054B58E2927C5040020F534 /* ServicesManager.swift in Sources */,
				A054B5B32928FB540020F534 /* ConvertViewModel.swift in Sources */,
				A054B5A12928080C0020F534 /* EncodableExtension.swift in Sources */,
			);
			runOnlyForDeploymentPostprocessing = 0;
		};
/* End PBXSourcesBuildPhase section */

/* Begin PBXVariantGroup section */
		A054B57E2927C47B0020F534 /* Main.storyboard */ = {
			isa = PBXVariantGroup;
			children = (
				A054B57F2927C47B0020F534 /* Base */,
			);
			name = Main.storyboard;
			sourceTree = "<group>";
		};
		A054B5832927C47C0020F534 /* LaunchScreen.storyboard */ = {
			isa = PBXVariantGroup;
			children = (
				A054B5842927C47C0020F534 /* Base */,
			);
			name = LaunchScreen.storyboard;
			sourceTree = "<group>";
		};
/* End PBXVariantGroup section */

/* Begin XCBuildConfiguration section */
		A054B5872927C47C0020F534 /* Debug */ = {
			isa = XCBuildConfiguration;
			buildSettings = {
				ALWAYS_SEARCH_USER_PATHS = NO;
				CLANG_ANALYZER_NONNULL = YES;
				CLANG_ANALYZER_NUMBER_OBJECT_CONVERSION = YES_AGGRESSIVE;
				CLANG_CXX_LANGUAGE_STANDARD = "gnu++17";
				CLANG_CXX_LIBRARY = "libc++";
				CLANG_ENABLE_MODULES = YES;
				CLANG_ENABLE_OBJC_ARC = YES;
				CLANG_ENABLE_OBJC_WEAK = YES;
				CLANG_WARN_BLOCK_CAPTURE_AUTORELEASING = YES;
				CLANG_WARN_BOOL_CONVERSION = YES;
				CLANG_WARN_COMMA = YES;
				CLANG_WARN_CONSTANT_CONVERSION = YES;
				CLANG_WARN_DEPRECATED_OBJC_IMPLEMENTATIONS = YES;
				CLANG_WARN_DIRECT_OBJC_ISA_USAGE = YES_ERROR;
				CLANG_WARN_DOCUMENTATION_COMMENTS = YES;
				CLANG_WARN_EMPTY_BODY = YES;
				CLANG_WARN_ENUM_CONVERSION = YES;
				CLANG_WARN_INFINITE_RECURSION = YES;
				CLANG_WARN_INT_CONVERSION = YES;
				CLANG_WARN_NON_LITERAL_NULL_CONVERSION = YES;
				CLANG_WARN_OBJC_IMPLICIT_RETAIN_SELF = YES;
				CLANG_WARN_OBJC_LITERAL_CONVERSION = YES;
				CLANG_WARN_OBJC_ROOT_CLASS = YES_ERROR;
				CLANG_WARN_QUOTED_INCLUDE_IN_FRAMEWORK_HEADER = YES;
				CLANG_WARN_RANGE_LOOP_ANALYSIS = YES;
				CLANG_WARN_STRICT_PROTOTYPES = YES;
				CLANG_WARN_SUSPICIOUS_MOVE = YES;
				CLANG_WARN_UNGUARDED_AVAILABILITY = YES_AGGRESSIVE;
				CLANG_WARN_UNREACHABLE_CODE = YES;
				CLANG_WARN__DUPLICATE_METHOD_MATCH = YES;
				COPY_PHASE_STRIP = NO;
				DEBUG_INFORMATION_FORMAT = dwarf;
				ENABLE_STRICT_OBJC_MSGSEND = YES;
				ENABLE_TESTABILITY = YES;
				GCC_C_LANGUAGE_STANDARD = gnu11;
				GCC_DYNAMIC_NO_PIC = NO;
				GCC_NO_COMMON_BLOCKS = YES;
				GCC_OPTIMIZATION_LEVEL = 0;
				GCC_PREPROCESSOR_DEFINITIONS = (
					"DEBUG=1",
					"$(inherited)",
				);
				GCC_WARN_64_TO_32_BIT_CONVERSION = YES;
				GCC_WARN_ABOUT_RETURN_TYPE = YES_ERROR;
				GCC_WARN_UNDECLARED_SELECTOR = YES;
				GCC_WARN_UNINITIALIZED_AUTOS = YES_AGGRESSIVE;
				GCC_WARN_UNUSED_FUNCTION = YES;
				GCC_WARN_UNUSED_VARIABLE = YES;
				IPHONEOS_DEPLOYMENT_TARGET = 15.0;
				MTL_ENABLE_DEBUG_INFO = INCLUDE_SOURCE;
				MTL_FAST_MATH = YES;
				ONLY_ACTIVE_ARCH = YES;
				SDKROOT = iphoneos;
				SWIFT_ACTIVE_COMPILATION_CONDITIONS = DEBUG;
				SWIFT_OPTIMIZATION_LEVEL = "-Onone";
			};
			name = Debug;
		};
		A054B5882927C47C0020F534 /* Release */ = {
			isa = XCBuildConfiguration;
			buildSettings = {
				ALWAYS_SEARCH_USER_PATHS = NO;
				CLANG_ANALYZER_NONNULL = YES;
				CLANG_ANALYZER_NUMBER_OBJECT_CONVERSION = YES_AGGRESSIVE;
				CLANG_CXX_LANGUAGE_STANDARD = "gnu++17";
				CLANG_CXX_LIBRARY = "libc++";
				CLANG_ENABLE_MODULES = YES;
				CLANG_ENABLE_OBJC_ARC = YES;
				CLANG_ENABLE_OBJC_WEAK = YES;
				CLANG_WARN_BLOCK_CAPTURE_AUTORELEASING = YES;
				CLANG_WARN_BOOL_CONVERSION = YES;
				CLANG_WARN_COMMA = YES;
				CLANG_WARN_CONSTANT_CONVERSION = YES;
				CLANG_WARN_DEPRECATED_OBJC_IMPLEMENTATIONS = YES;
				CLANG_WARN_DIRECT_OBJC_ISA_USAGE = YES_ERROR;
				CLANG_WARN_DOCUMENTATION_COMMENTS = YES;
				CLANG_WARN_EMPTY_BODY = YES;
				CLANG_WARN_ENUM_CONVERSION = YES;
				CLANG_WARN_INFINITE_RECURSION = YES;
				CLANG_WARN_INT_CONVERSION = YES;
				CLANG_WARN_NON_LITERAL_NULL_CONVERSION = YES;
				CLANG_WARN_OBJC_IMPLICIT_RETAIN_SELF = YES;
				CLANG_WARN_OBJC_LITERAL_CONVERSION = YES;
				CLANG_WARN_OBJC_ROOT_CLASS = YES_ERROR;
				CLANG_WARN_QUOTED_INCLUDE_IN_FRAMEWORK_HEADER = YES;
				CLANG_WARN_RANGE_LOOP_ANALYSIS = YES;
				CLANG_WARN_STRICT_PROTOTYPES = YES;
				CLANG_WARN_SUSPICIOUS_MOVE = YES;
				CLANG_WARN_UNGUARDED_AVAILABILITY = YES_AGGRESSIVE;
				CLANG_WARN_UNREACHABLE_CODE = YES;
				CLANG_WARN__DUPLICATE_METHOD_MATCH = YES;
				COPY_PHASE_STRIP = NO;
				DEBUG_INFORMATION_FORMAT = "dwarf-with-dsym";
				ENABLE_NS_ASSERTIONS = NO;
				ENABLE_STRICT_OBJC_MSGSEND = YES;
				GCC_C_LANGUAGE_STANDARD = gnu11;
				GCC_NO_COMMON_BLOCKS = YES;
				GCC_WARN_64_TO_32_BIT_CONVERSION = YES;
				GCC_WARN_ABOUT_RETURN_TYPE = YES_ERROR;
				GCC_WARN_UNDECLARED_SELECTOR = YES;
				GCC_WARN_UNINITIALIZED_AUTOS = YES_AGGRESSIVE;
				GCC_WARN_UNUSED_FUNCTION = YES;
				GCC_WARN_UNUSED_VARIABLE = YES;
				IPHONEOS_DEPLOYMENT_TARGET = 15.0;
				MTL_ENABLE_DEBUG_INFO = NO;
				MTL_FAST_MATH = YES;
				SDKROOT = iphoneos;
				SWIFT_COMPILATION_MODE = wholemodule;
				SWIFT_OPTIMIZATION_LEVEL = "-O";
				VALIDATE_PRODUCT = YES;
			};
			name = Release;
		};
		A054B58A2927C47C0020F534 /* Debug */ = {
			isa = XCBuildConfiguration;
			buildSettings = {
				ASSETCATALOG_COMPILER_APPICON_NAME = AppIcon;
				ASSETCATALOG_COMPILER_GLOBAL_ACCENT_COLOR_NAME = AccentColor;
				CODE_SIGN_STYLE = Automatic;
				CURRENT_PROJECT_VERSION = 1;
				DEVELOPMENT_TEAM = 64488TW8SV;
				GENERATE_INFOPLIST_FILE = YES;
				INFOPLIST_FILE = Currency/Info.plist;
				INFOPLIST_KEY_UIApplicationSupportsIndirectInputEvents = YES;
				INFOPLIST_KEY_UILaunchStoryboardName = LaunchScreen;
				INFOPLIST_KEY_UIMainStoryboardFile = Main;
				INFOPLIST_KEY_UISupportedInterfaceOrientations = UIInterfaceOrientationPortrait;
				INFOPLIST_KEY_UISupportedInterfaceOrientations_iPad = "UIInterfaceOrientationPortrait UIInterfaceOrientationPortraitUpsideDown UIInterfaceOrientationLandscapeLeft UIInterfaceOrientationLandscapeRight";
				INFOPLIST_KEY_UISupportedInterfaceOrientations_iPhone = UIInterfaceOrientationPortrait;
				LD_RUNPATH_SEARCH_PATHS = (
					"$(inherited)",
					"@executable_path/Frameworks",
				);
				MARKETING_VERSION = 1.0;
				PRODUCT_BUNDLE_IDENTIFIER = me.nasirmehmood.Currency;
				PRODUCT_NAME = "$(TARGET_NAME)";
				SWIFT_EMIT_LOC_STRINGS = YES;
				SWIFT_VERSION = 5.0;
				TARGETED_DEVICE_FAMILY = 1;
			};
			name = Debug;
		};
		A054B58B2927C47C0020F534 /* Release */ = {
			isa = XCBuildConfiguration;
			buildSettings = {
				ASSETCATALOG_COMPILER_APPICON_NAME = AppIcon;
				ASSETCATALOG_COMPILER_GLOBAL_ACCENT_COLOR_NAME = AccentColor;
				CODE_SIGN_STYLE = Automatic;
				CURRENT_PROJECT_VERSION = 1;
				DEVELOPMENT_TEAM = 64488TW8SV;
				GENERATE_INFOPLIST_FILE = YES;
				INFOPLIST_FILE = Currency/Info.plist;
				INFOPLIST_KEY_UIApplicationSupportsIndirectInputEvents = YES;
				INFOPLIST_KEY_UILaunchStoryboardName = LaunchScreen;
				INFOPLIST_KEY_UIMainStoryboardFile = Main;
				INFOPLIST_KEY_UISupportedInterfaceOrientations = UIInterfaceOrientationPortrait;
				INFOPLIST_KEY_UISupportedInterfaceOrientations_iPad = "UIInterfaceOrientationPortrait UIInterfaceOrientationPortraitUpsideDown UIInterfaceOrientationLandscapeLeft UIInterfaceOrientationLandscapeRight";
				INFOPLIST_KEY_UISupportedInterfaceOrientations_iPhone = UIInterfaceOrientationPortrait;
				LD_RUNPATH_SEARCH_PATHS = (
					"$(inherited)",
					"@executable_path/Frameworks",
				);
				MARKETING_VERSION = 1.0;
				PRODUCT_BUNDLE_IDENTIFIER = me.nasirmehmood.Currency;
				PRODUCT_NAME = "$(TARGET_NAME)";
				SWIFT_EMIT_LOC_STRINGS = YES;
				SWIFT_VERSION = 5.0;
				TARGETED_DEVICE_FAMILY = 1;
			};
			name = Release;
		};
/* End XCBuildConfiguration section */

/* Begin XCConfigurationList section */
		A054B5702927C47B0020F534 /* Build configuration list for PBXProject "Currency" */ = {
			isa = XCConfigurationList;
			buildConfigurations = (
				A054B5872927C47C0020F534 /* Debug */,
				A054B5882927C47C0020F534 /* Release */,
			);
			defaultConfigurationIsVisible = 0;
			defaultConfigurationName = Release;
		};
		A054B5892927C47C0020F534 /* Build configuration list for PBXNativeTarget "Currency" */ = {
			isa = XCConfigurationList;
			buildConfigurations = (
				A054B58A2927C47C0020F534 /* Debug */,
				A054B58B2927C47C0020F534 /* Release */,
			);
			defaultConfigurationIsVisible = 0;
			defaultConfigurationName = Release;
		};
/* End XCConfigurationList section */

/* Begin XCRemoteSwiftPackageReference section */
		A054B5AA29281AC10020F534 /* XCRemoteSwiftPackageReference "IQKeyboardManager" */ = {
			isa = XCRemoteSwiftPackageReference;
			repositoryURL = "https://github.com/hackiftekhar/IQKeyboardManager.git";
			requirement = {
				kind = upToNextMajorVersion;
				minimumVersion = 6.5.0;
			};
		};
		A054B5B4292914740020F534 /* XCRemoteSwiftPackageReference "DropDown" */ = {
			isa = XCRemoteSwiftPackageReference;
			repositoryURL = "https://github.com/AssistoLab/DropDown.git";
			requirement = {
				branch = master;
				kind = branch;
			};
		};
/* End XCRemoteSwiftPackageReference section */

/* Begin XCSwiftPackageProductDependency section */
		A054B5AB29281AC10020F534 /* IQKeyboardManagerSwift */ = {
			isa = XCSwiftPackageProductDependency;
			package = A054B5AA29281AC10020F534 /* XCRemoteSwiftPackageReference "IQKeyboardManager" */;
			productName = IQKeyboardManagerSwift;
		};
		A054B5B5292914740020F534 /* DropDown */ = {
			isa = XCSwiftPackageProductDependency;
			package = A054B5B4292914740020F534 /* XCRemoteSwiftPackageReference "DropDown" */;
			productName = DropDown;
		};
/* End XCSwiftPackageProductDependency section */
	};
	rootObject = A054B56D2927C47B0020F534 /* Project object */;
}
