{
  "object": {
    "pins": [
      {
        "package": "DropDown",
        "repositoryURL": "https://github.com/AssistoLab/DropDown.git",
        "state": {
          "branch": "master",
          "revision": "2ab6f6ce19f0117d1a76ea043ef8f57722c65d16",
          "version": null
        }
      },
      {
        "package": "IQKeyboardManagerSwift",
        "repositoryURL": "https://github.com/hackiftekhar/IQKeyboardManager.git",
        "state": {
          "branch": null,
          "revision": "474f849accae40fe61b5302d9b057dd48ee073ba",
          "version": "6.5.9"
        }
      }
    ]
  },
  "version": 1
}
